
Microsoft Visual Studio Solution File, Format Version 12.00
# Visual Studio 15
Project("{FAE04EC0-301F-11D3-BF4B-00C04F79EFBC}") = "Unity.VisualScripting.Core", "Unity.VisualScripting.Core.csproj", "{C0BC9BEA-1CDE-2024-8522-FC0BE9DD6311}"
EndProject
Project("{FAE04EC0-301F-11D3-BF4B-00C04F79EFBC}") = "UnityEngine.TestRunner", "UnityEngine.TestRunner.csproj", "{BDBE31F7-F92A-03EF-8C83-326176A843E5}"
EndProject
Project("{FAE04EC0-301F-11D3-BF4B-00C04F79EFBC}") = "UnityEngine.UI", "UnityEngine.UI.csproj", "{CEA3E38F-453C-B877-6442-47867BC69156}"
EndProject
Project("{FAE04EC0-301F-11D3-BF4B-00C04F79EFBC}") = "Unity.Timeline", "Unity.Timeline.csproj", "{5FB41B5A-010B-1F3D-2721-BBD4730E1309}"
EndProject
Project("{FAE04EC0-301F-11D3-BF4B-00C04F79EFBC}") = "Unity.VisualScripting.State", "Unity.VisualScripting.State.csproj", "{FACE92B2-CB04-F238-2B8E-9402D7E1D525}"
EndProject
Project("{FAE04EC0-301F-11D3-BF4B-00C04F79EFBC}") = "Unity.VisualScripting.Flow", "Unity.VisualScripting.Flow.csproj", "{4DBD688C-66CD-A761-C4E5-244EE2F68BD7}"
EndProject
Project("{FAE04EC0-301F-11D3-BF4B-00C04F79EFBC}") = "Unity.TextMeshPro", "Unity.TextMeshPro.csproj", "{D42C3431-D2FF-FB86-5E93-65197E52F21A}"
EndProject
Project("{FAE04EC0-301F-11D3-BF4B-00C04F79EFBC}") = "NavMeshComponents", "NavMeshComponents.csproj", "{A8624C22-EB92-D7D0-2757-BCD3FDC3CE59}"
EndProject
Project("{FAE04EC0-301F-11D3-BF4B-00C04F79EFBC}") = "Assembly-CSharp", "Assembly-CSharp.csproj", "{D973CBAE-AF5C-67C8-9EC3-328FB0F61F9B}"
EndProject
Project("{FAE04EC0-301F-11D3-BF4B-00C04F79EFBC}") = "UnityEditor.TestRunner", "UnityEditor.TestRunner.csproj", "{AAC61846-C48E-39A1-D09E-C0F1394146D0}"
EndProject
Project("{FAE04EC0-301F-11D3-BF4B-00C04F79EFBC}") = "Unity.VisualScripting.Core.Editor", "Unity.VisualScripting.Core.Editor.csproj", "{8D548E29-CC41-D1D2-1A94-4EA610EC4749}"
EndProject
Project("{FAE04EC0-301F-11D3-BF4B-00C04F79EFBC}") = "UnityEditor.UI", "UnityEditor.UI.csproj", "{6416A919-A435-8169-5F0F-48098ED9ADD9}"
EndProject
Project("{FAE04EC0-301F-11D3-BF4B-00C04F79EFBC}") = "Unity.Timeline.Editor", "Unity.Timeline.Editor.csproj", "{7434A75E-3EAC-1BFE-C508-CC72C4CB79ED}"
EndProject
Project("{FAE04EC0-301F-11D3-BF4B-00C04F79EFBC}") = "Unity.VisualStudio.Editor", "Unity.VisualStudio.Editor.csproj", "{6F48E1DB-084B-C18A-770C-B785EFE90553}"
EndProject
Project("{FAE04EC0-301F-11D3-BF4B-00C04F79EFBC}") = "Unity.VisualScripting.State.Editor", "Unity.VisualScripting.State.Editor.csproj", "{599EA411-4315-97E8-14F0-B56AF4E0E7C3}"
EndProject
Project("{FAE04EC0-301F-11D3-BF4B-00C04F79EFBC}") = "Unity.TextMeshPro.Editor", "Unity.TextMeshPro.Editor.csproj", "{0D438371-C9C9-5B46-3C26-F98DCEBE4397}"
EndProject
Project("{FAE04EC0-301F-11D3-BF4B-00C04F79EFBC}") = "Unity.VisualScripting.Flow.Editor", "Unity.VisualScripting.Flow.Editor.csproj", "{B409A810-FAB1-B09C-40D1-6031688A4F7F}"
EndProject
Project("{FAE04EC0-301F-11D3-BF4B-00C04F79EFBC}") = "Unity.CollabProxy.Editor", "Unity.CollabProxy.Editor.csproj", "{DE9138AB-8B33-5D82-E3EA-4F7DBD93D900}"
EndProject
Project("{FAE04EC0-301F-11D3-BF4B-00C04F79EFBC}") = "VSSettingsProvider", "VSSettingsProvider.csproj", "{51C1A7FE-C7F7-0354-9A6D-3F915FA845A1}"
EndProject
Project("{FAE04EC0-301F-11D3-BF4B-00C04F79EFBC}") = "Unity.Rider.Editor", "Unity.Rider.Editor.csproj", "{381E6AB4-2A32-45EA-AAA2-E31F14F78389}"
EndProject
Project("{FAE04EC0-301F-11D3-BF4B-00C04F79EFBC}") = "NavMeshComponentsEditor", "NavMeshComponentsEditor.csproj", "{99B76175-6451-06A0-02E2-97C99DFA0AFA}"
EndProject
Project("{FAE04EC0-301F-11D3-BF4B-00C04F79EFBC}") = "Unity.VSCode.Editor", "Unity.VSCode.Editor.csproj", "{73BEB378-CC36-B095-87E1-03A8209B4239}"
EndProject
Project("{FAE04EC0-301F-11D3-BF4B-00C04F79EFBC}") = "Unity.VisualScripting.Core", "Unity.VisualScripting.Core.Player.csproj", "{32B936AD-6249-FC97-3ADF-53021384017F}"
EndProject
Project("{FAE04EC0-301F-11D3-BF4B-00C04F79EFBC}") = "UnityEngine.TestRunner", "UnityEngine.TestRunner.Player.csproj", "{A593AEE7-4ABD-24EF-3463-72624C03405C}"
EndProject
Project("{FAE04EC0-301F-11D3-BF4B-00C04F79EFBC}") = "UnityEngine.UI", "UnityEngine.UI.Player.csproj", "{6B5B7EE2-3042-B433-1B2F-7456D4EC39A7}"
EndProject
Project("{FAE04EC0-301F-11D3-BF4B-00C04F79EFBC}") = "Unity.Timeline", "Unity.Timeline.Player.csproj", "{02161A83-E2E3-838E-E40F-0AFA41CEA2E1}"
EndProject
Project("{FAE04EC0-301F-11D3-BF4B-00C04F79EFBC}") = "Unity.VisualScripting.State", "Unity.VisualScripting.State.Player.csproj", "{24CBF0CE-BA37-247F-E7A7-73EF12BD2A96}"
EndProject
Project("{FAE04EC0-301F-11D3-BF4B-00C04F79EFBC}") = "Unity.VisualScripting.Flow", "Unity.VisualScripting.Flow.Player.csproj", "{B21C4900-1333-EF8F-C2CE-B2637F656C24}"
EndProject
Project("{FAE04EC0-301F-11D3-BF4B-00C04F79EFBC}") = "Unity.TextMeshPro", "Unity.TextMeshPro.Player.csproj", "{5192C201-F545-E03A-0850-7A5E079ABAE9}"
EndProject
Project("{FAE04EC0-301F-11D3-BF4B-00C04F79EFBC}") = "NavMeshComponents", "NavMeshComponents.Player.csproj", "{431D7A6C-181F-716B-8A07-8DECE9921547}"
EndProject
Project("{FAE04EC0-301F-11D3-BF4B-00C04F79EFBC}") = "Assembly-CSharp", "Assembly-CSharp.Player.csproj", "{9E68D322-07E5-F116-53ED-A753E7542B73}"
EndProject
Global
	GlobalSection(SolutionConfigurationPlatforms) = preSolution
		Debug|Any CPU = Debug|Any CPU
		Release|Any CPU = Release|Any CPU
	EndGlobalSection
	GlobalSection(ProjectConfigurationPlatforms) = postSolution
		{C0BC9BEA-1CDE-2024-8522-FC0BE9DD6311}.Debug|Any CPU.ActiveCfg = Debug|Any CPU
		{C0BC9BEA-1CDE-2024-8522-FC0BE9DD6311}.Debug|Any CPU.Build.0 = Debug|Any CPU
		{C0BC9BEA-1CDE-2024-8522-FC0BE9DD6311}.Release|Any CPU.ActiveCfg = Release|Any CPU
		{C0BC9BEA-1CDE-2024-8522-FC0BE9DD6311}.Release|Any CPU.Build.0 = Release|Any CPU
		{BDBE31F7-F92A-03EF-8C83-326176A843E5}.Debug|Any CPU.ActiveCfg = Debug|Any CPU
		{BDBE31F7-F92A-03EF-8C83-326176A843E5}.Debug|Any CPU.Build.0 = Debug|Any CPU
		{BDBE31F7-F92A-03EF-8C83-326176A843E5}.Release|Any CPU.ActiveCfg = Release|Any CPU
		{BDBE31F7-F92A-03EF-8C83-326176A843E5}.Release|Any CPU.Build.0 = Release|Any CPU
		{CEA3E38F-453C-B877-6442-47867BC69156}.Debug|Any CPU.ActiveCfg = Debug|Any CPU
		{CEA3E38F-453C-B877-6442-47867BC69156}.Debug|Any CPU.Build.0 = Debug|Any CPU
		{CEA3E38F-453C-B877-6442-47867BC69156}.Release|Any CPU.ActiveCfg = Release|Any CPU
		{CEA3E38F-453C-B877-6442-47867BC69156}.Release|Any CPU.Build.0 = Release|Any CPU
		{5FB41B5A-010B-1F3D-2721-BBD4730E1309}.Debug|Any CPU.ActiveCfg = Debug|Any CPU
		{5FB41B5A-010B-1F3D-2721-BBD4730E1309}.Debug|Any CPU.Build.0 = Debug|Any CPU
		{5FB41B5A-010B-1F3D-2721-BBD4730E1309}.Release|Any CPU.ActiveCfg = Release|Any CPU
		{5FB41B5A-010B-1F3D-2721-BBD4730E1309}.Release|Any CPU.Build.0 = Release|Any CPU
		{FACE92B2-CB04-F238-2B8E-9402D7E1D525}.Debug|Any CPU.ActiveCfg = Debug|Any CPU
		{FACE92B2-CB04-F238-2B8E-9402D7E1D525}.Debug|Any CPU.Build.0 = Debug|Any CPU
		{FACE92B2-CB04-F238-2B8E-9402D7E1D525}.Release|Any CPU.ActiveCfg = Release|Any CPU
		{FACE92B2-CB04-F238-2B8E-9402D7E1D525}.Release|Any CPU.Build.0 = Release|Any CPU
		{4DBD688C-66CD-A761-C4E5-244EE2F68BD7}.Debug|Any CPU.ActiveCfg = Debug|Any CPU
		{4DBD688C-66CD-A761-C4E5-244EE2F68BD7}.Debug|Any CPU.Build.0 = Debug|Any CPU
		{4DBD688C-66CD-A761-C4E5-244EE2F68BD7}.Release|Any CPU.ActiveCfg = Release|Any CPU
		{4DBD688C-66CD-A761-C4E5-244EE2F68BD7}.Release|Any CPU.Build.0 = Release|Any CPU
		{D42C3431-D2FF-FB86-5E93-65197E52F21A}.Debug|Any CPU.ActiveCfg = Debug|Any CPU
		{D42C3431-D2FF-FB86-5E93-65197E52F21A}.Debug|Any CPU.Build.0 = Debug|Any CPU
		{D42C3431-D2FF-FB86-5E93-65197E52F21A}.Release|Any CPU.ActiveCfg = Release|Any CPU
		{D42C3431-D2FF-FB86-5E93-65197E52F21A}.Release|Any CPU.Build.0 = Release|Any CPU
		{A8624C22-EB92-D7D0-2757-BCD3FDC3CE59}.Debug|Any CPU.ActiveCfg = Debug|Any CPU
		{A8624C22-EB92-D7D0-2757-BCD3FDC3CE59}.Debug|Any CPU.Build.0 = Debug|Any CPU
		{A8624C22-EB92-D7D0-2757-BCD3FDC3CE59}.Release|Any CPU.ActiveCfg = Release|Any CPU
		{A8624C22-EB92-D7D0-2757-BCD3FDC3CE59}.Release|Any CPU.Build.0 = Release|Any CPU
		{D973CBAE-AF5C-67C8-9EC3-328FB0F61F9B}.Debug|Any CPU.ActiveCfg = Debug|Any CPU
		{D973CBAE-AF5C-67C8-9EC3-328FB0F61F9B}.Debug|Any CPU.Build.0 = Debug|Any CPU
		{D973CBAE-AF5C-67C8-9EC3-328FB0F61F9B}.Release|Any CPU.ActiveCfg = Release|Any CPU
		{D973CBAE-AF5C-67C8-9EC3-328FB0F61F9B}.Release|Any CPU.Build.0 = Release|Any CPU
		{AAC61846-C48E-39A1-D09E-C0F1394146D0}.Debug|Any CPU.ActiveCfg = Debug|Any CPU
		{AAC61846-C48E-39A1-D09E-C0F1394146D0}.Debug|Any CPU.Build.0 = Debug|Any CPU
		{AAC61846-C48E-39A1-D09E-C0F1394146D0}.Release|Any CPU.ActiveCfg = Release|Any CPU
		{AAC61846-C48E-39A1-D09E-C0F1394146D0}.Release|Any CPU.Build.0 = Release|Any CPU
		{8D548E29-CC41-D1D2-1A94-4EA610EC4749}.Debug|Any CPU.ActiveCfg = Debug|Any CPU
		{8D548E29-CC41-D1D2-1A94-4EA610EC4749}.Debug|Any CPU.Build.0 = Debug|Any CPU
		{8D548E29-CC41-D1D2-1A94-4EA610EC4749}.Release|Any CPU.ActiveCfg = Release|Any CPU
		{8D548E29-CC41-D1D2-1A94-4EA610EC4749}.Release|Any CPU.Build.0 = Release|Any CPU
		{6416A919-A435-8169-5F0F-48098ED9ADD9}.Debug|Any CPU.ActiveCfg = Debug|Any CPU
		{6416A919-A435-8169-5F0F-48098ED9ADD9}.Debug|Any CPU.Build.0 = Debug|Any CPU
		{6416A919-A435-8169-5F0F-48098ED9ADD9}.Release|Any CPU.ActiveCfg = Release|Any CPU
		{6416A919-A435-8169-5F0F-48098ED9ADD9}.Release|Any CPU.Build.0 = Release|Any CPU
		{7434A75E-3EAC-1BFE-C508-CC72C4CB79ED}.Debug|Any CPU.ActiveCfg = Debug|Any CPU
		{7434A75E-3EAC-1BFE-C508-CC72C4CB79ED}.Debug|Any CPU.Build.0 = Debug|Any CPU
		{7434A75E-3EAC-1BFE-C508-CC72C4CB79ED}.Release|Any CPU.ActiveCfg = Release|Any CPU
		{7434A75E-3EAC-1BFE-C508-CC72C4CB79ED}.Release|Any CPU.Build.0 = Release|Any CPU
		{6F48E1DB-084B-C18A-770C-B785EFE90553}.Debug|Any CPU.ActiveCfg = Debug|Any CPU
		{6F48E1DB-084B-C18A-770C-B785EFE90553}.Debug|Any CPU.Build.0 = Debug|Any CPU
		{6F48E1DB-084B-C18A-770C-B785EFE90553}.Release|Any CPU.ActiveCfg = Release|Any CPU
		{6F48E1DB-084B-C18A-770C-B785EFE90553}.Release|Any CPU.Build.0 = Release|Any CPU
		{599EA411-4315-97E8-14F0-B56AF4E0E7C3}.Debug|Any CPU.ActiveCfg = Debug|Any CPU
		{599EA411-4315-97E8-14F0-B56AF4E0E7C3}.Debug|Any CPU.Build.0 = Debug|Any CPU
		{599EA411-4315-97E8-14F0-B56AF4E0E7C3}.Release|Any CPU.ActiveCfg = Release|Any CPU
		{599EA411-4315-97E8-14F0-B56AF4E0E7C3}.Release|Any CPU.Build.0 = Release|Any CPU
		{0D438371-C9C9-5B46-3C26-F98DCEBE4397}.Debug|Any CPU.ActiveCfg = Debug|Any CPU
		{0D438371-C9C9-5B46-3C26-F98DCEBE4397}.Debug|Any CPU.Build.0 = Debug|Any CPU
		{0D438371-C9C9-5B46-3C26-F98DCEBE4397}.Release|Any CPU.ActiveCfg = Release|Any CPU
		{0D438371-C9C9-5B46-3C26-F98DCEBE4397}.Release|Any CPU.Build.0 = Release|Any CPU
		{B409A810-FAB1-B09C-40D1-6031688A4F7F}.Debug|Any CPU.ActiveCfg = Debug|Any CPU
		{B409A810-FAB1-B09C-40D1-6031688A4F7F}.Debug|Any CPU.Build.0 = Debug|Any CPU
		{B409A810-FAB1-B09C-40D1-6031688A4F7F}.Release|Any CPU.ActiveCfg = Release|Any CPU
		{B409A810-FAB1-B09C-40D1-6031688A4F7F}.Release|Any CPU.Build.0 = Release|Any CPU
		{DE9138AB-8B33-5D82-E3EA-4F7DBD93D900}.Debug|Any CPU.ActiveCfg = Debug|Any CPU
		{DE9138AB-8B33-5D82-E3EA-4F7DBD93D900}.Debug|Any CPU.Build.0 = Debug|Any CPU
		{DE9138AB-8B33-5D82-E3EA-4F7DBD93D900}.Release|Any CPU.ActiveCfg = Release|Any CPU
		{DE9138AB-8B33-5D82-E3EA-4F7DBD93D900}.Release|Any CPU.Build.0 = Release|Any CPU
		{51C1A7FE-C7F7-0354-9A6D-3F915FA845A1}.Debug|Any CPU.ActiveCfg = Debug|Any CPU
		{51C1A7FE-C7F7-0354-9A6D-3F915FA845A1}.Debug|Any CPU.Build.0 = Debug|Any CPU
		{51C1A7FE-C7F7-0354-9A6D-3F915FA845A1}.Release|Any CPU.ActiveCfg = Release|Any CPU
		{51C1A7FE-C7F7-0354-9A6D-3F915FA845A1}.Release|Any CPU.Build.0 = Release|Any CPU
		{381E6AB4-2A32-45EA-AAA2-E31F14F78389}.Debug|Any CPU.ActiveCfg = Debug|Any CPU
		{381E6AB4-2A32-45EA-AAA2-E31F14F78389}.Debug|Any CPU.Build.0 = Debug|Any CPU
		{381E6AB4-2A32-45EA-AAA2-E31F14F78389}.Release|Any CPU.ActiveCfg = Release|Any CPU
		{381E6AB4-2A32-45EA-AAA2-E31F14F78389}.Release|Any CPU.Build.0 = Release|Any CPU
		{99B76175-6451-06A0-02E2-97C99DFA0AFA}.Debug|Any CPU.ActiveCfg = Debug|Any CPU
		{99B76175-6451-06A0-02E2-97C99DFA0AFA}.Debug|Any CPU.Build.0 = Debug|Any CPU
		{99B76175-6451-06A0-02E2-97C99DFA0AFA}.Release|Any CPU.ActiveCfg = Release|Any CPU
		{99B76175-6451-06A0-02E2-97C99DFA0AFA}.Release|Any CPU.Build.0 = Release|Any CPU
		{73BEB378-CC36-B095-87E1-03A8209B4239}.Debug|Any CPU.ActiveCfg = Debug|Any CPU
		{73BEB378-CC36-B095-87E1-03A8209B4239}.Debug|Any CPU.Build.0 = Debug|Any CPU
		{73BEB378-CC36-B095-87E1-03A8209B4239}.Release|Any CPU.ActiveCfg = Release|Any CPU
		{73BEB378-CC36-B095-87E1-03A8209B4239}.Release|Any CPU.Build.0 = Release|Any CPU
		{32B936AD-6249-FC97-3ADF-53021384017F}.Debug|Any CPU.ActiveCfg = Debug|Any CPU
		{32B936AD-6249-FC97-3ADF-53021384017F}.Debug|Any CPU.Build.0 = Debug|Any CPU
		{32B936AD-6249-FC97-3ADF-53021384017F}.Release|Any CPU.ActiveCfg = Release|Any CPU
		{32B936AD-6249-FC97-3ADF-53021384017F}.Release|Any CPU.Build.0 = Release|Any CPU
		{A593AEE7-4ABD-24EF-3463-72624C03405C}.Debug|Any CPU.ActiveCfg = Debug|Any CPU
		{A593AEE7-4ABD-24EF-3463-72624C03405C}.Debug|Any CPU.Build.0 = Debug|Any CPU
		{A593AEE7-4ABD-24EF-3463-72624C03405C}.Release|Any CPU.ActiveCfg = Release|Any CPU
		{A593AEE7-4ABD-24EF-3463-72624C03405C}.Release|Any CPU.Build.0 = Release|Any CPU
		{6B5B7EE2-3042-B433-1B2F-7456D4EC39A7}.Debug|Any CPU.ActiveCfg = Debug|Any CPU
		{6B5B7EE2-3042-B433-1B2F-7456D4EC39A7}.Debug|Any CPU.Build.0 = Debug|Any CPU
		{6B5B7EE2-3042-B433-1B2F-7456D4EC39A7}.Release|Any CPU.ActiveCfg = Release|Any CPU
		{6B5B7EE2-3042-B433-1B2F-7456D4EC39A7}.Release|Any CPU.Build.0 = Release|Any CPU
		{02161A83-E2E3-838E-E40F-0AFA41CEA2E1}.Debug|Any CPU.ActiveCfg = Debug|Any CPU
		{02161A83-E2E3-838E-E40F-0AFA41CEA2E1}.Debug|Any CPU.Build.0 = Debug|Any CPU
		{02161A83-E2E3-838E-E40F-0AFA41CEA2E1}.Release|Any CPU.ActiveCfg = Release|Any CPU
		{02161A83-E2E3-838E-E40F-0AFA41CEA2E1}.Release|Any CPU.Build.0 = Release|Any CPU
		{24CBF0CE-BA37-247F-E7A7-73EF12BD2A96}.Debug|Any CPU.ActiveCfg = Debug|Any CPU
		{24CBF0CE-BA37-247F-E7A7-73EF12BD2A96}.Debug|Any CPU.Build.0 = Debug|Any CPU
		{24CBF0CE-BA37-247F-E7A7-73EF12BD2A96}.Release|Any CPU.ActiveCfg = Release|Any CPU
		{24CBF0CE-BA37-247F-E7A7-73EF12BD2A96}.Release|Any CPU.Build.0 = Release|Any CPU
		{B21C4900-1333-EF8F-C2CE-B2637F656C24}.Debug|Any CPU.ActiveCfg = Debug|Any CPU
		{B21C4900-1333-EF8F-C2CE-B2637F656C24}.Debug|Any CPU.Build.0 = Debug|Any CPU
		{B21C4900-1333-EF8F-C2CE-B2637F656C24}.Release|Any CPU.ActiveCfg = Release|Any CPU
		{B21C4900-1333-EF8F-C2CE-B2637F656C24}.Release|Any CPU.Build.0 = Release|Any CPU
		{5192C201-F545-E03A-0850-7A5E079ABAE9}.Debug|Any CPU.ActiveCfg = Debug|Any CPU
		{5192C201-F545-E03A-0850-7A5E079ABAE9}.Debug|Any CPU.Build.0 = Debug|Any CPU
		{5192C201-F545-E03A-0850-7A5E079ABAE9}.Release|Any CPU.ActiveCfg = Release|Any CPU
		{5192C201-F545-E03A-0850-7A5E079ABAE9}.Release|Any CPU.Build.0 = Release|Any CPU
		{431D7A6C-181F-716B-8A07-8DECE9921547}.Debug|Any CPU.ActiveCfg = Debug|Any CPU
		{431D7A6C-181F-716B-8A07-8DECE9921547}.Debug|Any CPU.Build.0 = Debug|Any CPU
		{431D7A6C-181F-716B-8A07-8DECE9921547}.Release|Any CPU.ActiveCfg = Release|Any CPU
		{431D7A6C-181F-716B-8A07-8DECE9921547}.Release|Any CPU.Build.0 = Release|Any CPU
		{9E68D322-07E5-F116-53ED-A753E7542B73}.Debug|Any CPU.ActiveCfg = Debug|Any CPU
		{9E68D322-07E5-F116-53ED-A753E7542B73}.Debug|Any CPU.Build.0 = Debug|Any CPU
		{9E68D322-07E5-F116-53ED-A753E7542B73}.Release|Any CPU.ActiveCfg = Release|Any CPU
		{9E68D322-07E5-F116-53ED-A753E7542B73}.Release|Any CPU.Build.0 = Release|Any CPU
	EndGlobalSection
	GlobalSection(SolutionProperties) = preSolution
		HideSolutionNode = FALSE
	EndGlobalSection
EndGlobal
